// !$*UTF8*$!
{
	archiveVersion = 1;
	classes = {
	};
	objectVersion = 50;
	objects = {

/* Begin PBXBuildFile section */
		5668D6CF2BA0B8CAF02435BD /* Pods_ChallengeMoneway.framework in Frameworks */ = {isa = PBXBuildFile; fileRef = 4A97C348D6D6188683DBFEA5 /* Pods_ChallengeMoneway.framework */; };
		782D3E562237067000D3D2DD /* CMGithubApi.swift in Sources */ = {isa = PBXBuildFile; fileRef = 782D3E552237067000D3D2DD /* CMGithubApi.swift */; };
		78E36D6A2236E77100D3912C /* CMApplicationDelegate.swift in Sources */ = {isa = PBXBuildFile; fileRef = 78E36D692236E77100D3912C /* CMApplicationDelegate.swift */; };
		78E36D6C2236E77100D3912C /* CMSearchViewController.swift in Sources */ = {isa = PBXBuildFile; fileRef = 78E36D6B2236E77100D3912C /* CMSearchViewController.swift */; };
		78E36D6F2236E77100D3912C /* Main.storyboard in Resources */ = {isa = PBXBuildFile; fileRef = 78E36D6D2236E77100D3912C /* Main.storyboard */; };
		78E36D712236E77500D3912C /* Assets.xcassets in Resources */ = {isa = PBXBuildFile; fileRef = 78E36D702236E77500D3912C /* Assets.xcassets */; };
		78E36D742236E77500D3912C /* LaunchScreen.storyboard in Resources */ = {isa = PBXBuildFile; fileRef = 78E36D722236E77500D3912C /* LaunchScreen.storyboard */; };
		78F4CA65223714DB00FAF0FE /* CMGithubRepository.swift in Sources */ = {isa = PBXBuildFile; fileRef = 78F4CA64223714DB00FAF0FE /* CMGithubRepository.swift */; };
		78F4CA67223716B100FAF0FE /* CMGithubUser.swift in Sources */ = {isa = PBXBuildFile; fileRef = 78F4CA66223716B100FAF0FE /* CMGithubUser.swift */; };
		78F4CA69223717E800FAF0FE /* CMBranch.swift in Sources */ = {isa = PBXBuildFile; fileRef = 78F4CA68223717E800FAF0FE /* CMBranch.swift */; };
		78F4CA6B223719A900FAF0FE /* CMBranchProtection.swift in Sources */ = {isa = PBXBuildFile; fileRef = 78F4CA6A223719A900FAF0FE /* CMBranchProtection.swift */; };
		78F4CA6D223719C800FAF0FE /* CMCommit.swift in Sources */ = {isa = PBXBuildFile; fileRef = 78F4CA6C223719C800FAF0FE /* CMCommit.swift */; };
		78F4CA6F223719EB00FAF0FE /* CMContributor.swift in Sources */ = {isa = PBXBuildFile; fileRef = 78F4CA6E223719EB00FAF0FE /* CMContributor.swift */; };
		78F4CA792237A86100FAF0FE /* CMGithubProvider.swift in Sources */ = {isa = PBXBuildFile; fileRef = 78F4CA782237A86100FAF0FE /* CMGithubProvider.swift */; };
		78F4CA7B2237A94600FAF0FE /* CMGithubRepositorySearchResponse.swift in Sources */ = {isa = PBXBuildFile; fileRef = 78F4CA7A2237A94600FAF0FE /* CMGithubRepositorySearchResponse.swift */; };
		78F4CA7D2237CE2100FAF0FE /* CMCacheProvider.swift in Sources */ = {isa = PBXBuildFile; fileRef = 78F4CA7C2237CE2100FAF0FE /* CMCacheProvider.swift */; };
		78F4CA83223931C900FAF0FE /* CMRepositoryCell.swift in Sources */ = {isa = PBXBuildFile; fileRef = 78F4CA81223931C900FAF0FE /* CMRepositoryCell.swift */; };
		78F4CA84223931C900FAF0FE /* CMRepositoryCell.xib in Resources */ = {isa = PBXBuildFile; fileRef = 78F4CA82223931C900FAF0FE /* CMRepositoryCell.xib */; };
		78F4CA862239367100FAF0FE /* CMSearchViewModel.swift in Sources */ = {isa = PBXBuildFile; fileRef = 78F4CA852239367100FAF0FE /* CMSearchViewModel.swift */; };
		78F4CA8D2239D43E00FAF0FE /* CMRepositoryViewController.swift in Sources */ = {isa = PBXBuildFile; fileRef = 78F4CA8C2239D43E00FAF0FE /* CMRepositoryViewController.swift */; };
		78F4CA8F2239D62700FAF0FE /* Constants.swift in Sources */ = {isa = PBXBuildFile; fileRef = 78F4CA8E2239D62700FAF0FE /* Constants.swift */; };
		78F4CA912239DB0700FAF0FE /* CMRepositoryViewModel.swift in Sources */ = {isa = PBXBuildFile; fileRef = 78F4CA902239DB0700FAF0FE /* CMRepositoryViewModel.swift */; };
		78F4CA952239DEB100FAF0FE /* CMContributorCell.swift in Sources */ = {isa = PBXBuildFile; fileRef = 78F4CA932239DEB100FAF0FE /* CMContributorCell.swift */; };
		78F4CA962239DEB100FAF0FE /* CMContributorCell.xib in Resources */ = {isa = PBXBuildFile; fileRef = 78F4CA942239DEB100FAF0FE /* CMContributorCell.xib */; };
		78F4CA9A2239E40700FAF0FE /* CMBranchCell.swift in Sources */ = {isa = PBXBuildFile; fileRef = 78F4CA982239E40700FAF0FE /* CMBranchCell.swift */; };
		78F4CA9B2239E40700FAF0FE /* CMBranchCell.xib in Resources */ = {isa = PBXBuildFile; fileRef = 78F4CA992239E40700FAF0FE /* CMBranchCell.xib */; };
/* End PBXBuildFile section */

/* Begin PBXFileReference section */
		4A97C348D6D6188683DBFEA5 /* Pods_ChallengeMoneway.framework */ = {isa = PBXFileReference; explicitFileType = wrapper.framework; includeInIndex = 0; path = Pods_ChallengeMoneway.framework; sourceTree = BUILT_PRODUCTS_DIR; };
		782D3E552237067000D3D2DD /* CMGithubApi.swift */ = {isa = PBXFileReference; lastKnownFileType = sourcecode.swift; path = CMGithubApi.swift; sourceTree = "<group>"; };
		78E36D662236E77100D3912C /* ChallengeMoneway.app */ = {isa = PBXFileReference; explicitFileType = wrapper.application; includeInIndex = 0; path = ChallengeMoneway.app; sourceTree = BUILT_PRODUCTS_DIR; };
		78E36D692236E77100D3912C /* CMApplicationDelegate.swift */ = {isa = PBXFileReference; lastKnownFileType = sourcecode.swift; path = CMApplicationDelegate.swift; sourceTree = "<group>"; };
		78E36D6B2236E77100D3912C /* CMSearchViewController.swift */ = {isa = PBXFileReference; lastKnownFileType = sourcecode.swift; path = CMSearchViewController.swift; sourceTree = "<group>"; };
		78E36D6E2236E77100D3912C /* Base */ = {isa = PBXFileReference; lastKnownFileType = file.storyboard; name = Base; path = Base.lproj/Main.storyboard; sourceTree = "<group>"; };
		78E36D702236E77500D3912C /* Assets.xcassets */ = {isa = PBXFileReference; lastKnownFileType = folder.assetcatalog; path = Assets.xcassets; sourceTree = "<group>"; };
		78E36D732236E77500D3912C /* Base */ = {isa = PBXFileReference; lastKnownFileType = file.storyboard; name = Base; path = Base.lproj/LaunchScreen.storyboard; sourceTree = "<group>"; };
		78E36D752236E77500D3912C /* Info.plist */ = {isa = PBXFileReference; lastKnownFileType = text.plist.xml; path = Info.plist; sourceTree = "<group>"; };
		78F4CA64223714DB00FAF0FE /* CMGithubRepository.swift */ = {isa = PBXFileReference; lastKnownFileType = sourcecode.swift; path = CMGithubRepository.swift; sourceTree = "<group>"; };
		78F4CA66223716B100FAF0FE /* CMGithubUser.swift */ = {isa = PBXFileReference; lastKnownFileType = sourcecode.swift; path = CMGithubUser.swift; sourceTree = "<group>"; };
		78F4CA68223717E800FAF0FE /* CMBranch.swift */ = {isa = PBXFileReference; lastKnownFileType = sourcecode.swift; path = CMBranch.swift; sourceTree = "<group>"; };
		78F4CA6A223719A900FAF0FE /* CMBranchProtection.swift */ = {isa = PBXFileReference; lastKnownFileType = sourcecode.swift; path = CMBranchProtection.swift; sourceTree = "<group>"; };
		78F4CA6C223719C800FAF0FE /* CMCommit.swift */ = {isa = PBXFileReference; lastKnownFileType = sourcecode.swift; path = CMCommit.swift; sourceTree = "<group>"; };
		78F4CA6E223719EB00FAF0FE /* CMContributor.swift */ = {isa = PBXFileReference; lastKnownFileType = sourcecode.swift; path = CMContributor.swift; sourceTree = "<group>"; };
		78F4CA782237A86100FAF0FE /* CMGithubProvider.swift */ = {isa = PBXFileReference; lastKnownFileType = sourcecode.swift; path = CMGithubProvider.swift; sourceTree = "<group>"; };
		78F4CA7A2237A94600FAF0FE /* CMGithubRepositorySearchResponse.swift */ = {isa = PBXFileReference; lastKnownFileType = sourcecode.swift; path = CMGithubRepositorySearchResponse.swift; sourceTree = "<group>"; };
		78F4CA7C2237CE2100FAF0FE /* CMCacheProvider.swift */ = {isa = PBXFileReference; lastKnownFileType = sourcecode.swift; path = CMCacheProvider.swift; sourceTree = "<group>"; };
		78F4CA81223931C900FAF0FE /* CMRepositoryCell.swift */ = {isa = PBXFileReference; lastKnownFileType = sourcecode.swift; path = CMRepositoryCell.swift; sourceTree = "<group>"; };
		78F4CA82223931C900FAF0FE /* CMRepositoryCell.xib */ = {isa = PBXFileReference; lastKnownFileType = file.xib; path = CMRepositoryCell.xib; sourceTree = "<group>"; };
		78F4CA852239367100FAF0FE /* CMSearchViewModel.swift */ = {isa = PBXFileReference; lastKnownFileType = sourcecode.swift; path = CMSearchViewModel.swift; sourceTree = "<group>"; };
		78F4CA8C2239D43E00FAF0FE /* CMRepositoryViewController.swift */ = {isa = PBXFileReference; lastKnownFileType = sourcecode.swift; path = CMRepositoryViewController.swift; sourceTree = "<group>"; };
		78F4CA8E2239D62700FAF0FE /* Constants.swift */ = {isa = PBXFileReference; lastKnownFileType = sourcecode.swift; path = Constants.swift; sourceTree = "<group>"; };
		78F4CA902239DB0700FAF0FE /* CMRepositoryViewModel.swift */ = {isa = PBXFileReference; lastKnownFileType = sourcecode.swift; path = CMRepositoryViewModel.swift; sourceTree = "<group>"; };
		78F4CA932239DEB100FAF0FE /* CMContributorCell.swift */ = {isa = PBXFileReference; lastKnownFileType = sourcecode.swift; path = CMContributorCell.swift; sourceTree = "<group>"; };
		78F4CA942239DEB100FAF0FE /* CMContributorCell.xib */ = {isa = PBXFileReference; lastKnownFileType = file.xib; path = CMContributorCell.xib; sourceTree = "<group>"; };
		78F4CA982239E40700FAF0FE /* CMBranchCell.swift */ = {isa = PBXFileReference; lastKnownFileType = sourcecode.swift; path = CMBranchCell.swift; sourceTree = "<group>"; };
		78F4CA992239E40700FAF0FE /* CMBranchCell.xib */ = {isa = PBXFileReference; lastKnownFileType = file.xib; path = CMBranchCell.xib; sourceTree = "<group>"; };
		A92FA7D192FAFFAD8EF8CB11 /* Pods-ChallengeMoneway.debug.xcconfig */ = {isa = PBXFileReference; includeInIndex = 1; lastKnownFileType = text.xcconfig; name = "Pods-ChallengeMoneway.debug.xcconfig"; path = "Pods/Target Support Files/Pods-ChallengeMoneway/Pods-ChallengeMoneway.debug.xcconfig"; sourceTree = "<group>"; };
		DD1664228CF24011F6357E33 /* Pods-ChallengeMoneway.release.xcconfig */ = {isa = PBXFileReference; includeInIndex = 1; lastKnownFileType = text.xcconfig; name = "Pods-ChallengeMoneway.release.xcconfig"; path = "Pods/Target Support Files/Pods-ChallengeMoneway/Pods-ChallengeMoneway.release.xcconfig"; sourceTree = "<group>"; };
/* End PBXFileReference section */

/* Begin PBXFrameworksBuildPhase section */
		78E36D632236E77100D3912C /* Frameworks */ = {
			isa = PBXFrameworksBuildPhase;
			buildActionMask = 2147483647;
			files = (
				5668D6CF2BA0B8CAF02435BD /* Pods_ChallengeMoneway.framework in Frameworks */,
			);
			runOnlyForDeploymentPostprocessing = 0;
		};
/* End PBXFrameworksBuildPhase section */

/* Begin PBXGroup section */
		782D3E542237065300D3D2DD /* Api */ = {
			isa = PBXGroup;
			children = (
				782D3E552237067000D3D2DD /* CMGithubApi.swift */,
				78F4CA782237A86100FAF0FE /* CMGithubProvider.swift */,
				78F4CA7C2237CE2100FAF0FE /* CMCacheProvider.swift */,
			);
			path = Api;
			sourceTree = "<group>";
		};
		78E36D5D2236E77100D3912C = {
			isa = PBXGroup;
			children = (
				78E36D682236E77100D3912C /* ChallengeMoneway */,
				78E36D672236E77100D3912C /* Products */,
				B76681AF0B4A9EB06325157B /* Pods */,
				AAEC0368D5CDAA4600CD5E8E /* Frameworks */,
			);
			sourceTree = "<group>";
		};
		78E36D672236E77100D3912C /* Products */ = {
			isa = PBXGroup;
			children = (
				78E36D662236E77100D3912C /* ChallengeMoneway.app */,
			);
			name = Products;
			sourceTree = "<group>";
		};
		78E36D682236E77100D3912C /* ChallengeMoneway */ = {
			isa = PBXGroup;
			children = (
				78F4CA872239CEB400FAF0FE /* Constants */,
				78F4CA7322378F3700FAF0FE /* View */,
				78F4CA7022378E2F00FAF0FE /* ViewModel */,
				782D3E542237065300D3D2DD /* Api */,
				78E36D7D2236E7FC00D3912C /* Application */,
				78E36D7C2236E7F300D3912C /* Model */,
				78E36D7B2236E7E500D3912C /* ViewController */,
				78E36D7E2236E81D00D3912C /* Resources */,
			);
			path = ChallengeMoneway;
			sourceTree = "<group>";
		};
		78E36D7B2236E7E500D3912C /* ViewController */ = {
			isa = PBXGroup;
			children = (
				78E36D6B2236E77100D3912C /* CMSearchViewController.swift */,
				78F4CA8C2239D43E00FAF0FE /* CMRepositoryViewController.swift */,
			);
			path = ViewController;
			sourceTree = "<group>";
		};
		78E36D7C2236E7F300D3912C /* Model */ = {
			isa = PBXGroup;
			children = (
				78F4CA64223714DB00FAF0FE /* CMGithubRepository.swift */,
				78F4CA66223716B100FAF0FE /* CMGithubUser.swift */,
				78F4CA68223717E800FAF0FE /* CMBranch.swift */,
				78F4CA6A223719A900FAF0FE /* CMBranchProtection.swift */,
				78F4CA6C223719C800FAF0FE /* CMCommit.swift */,
				78F4CA6E223719EB00FAF0FE /* CMContributor.swift */,
				78F4CA7A2237A94600FAF0FE /* CMGithubRepositorySearchResponse.swift */,
			);
			path = Model;
			sourceTree = "<group>";
		};
		78E36D7D2236E7FC00D3912C /* Application */ = {
			isa = PBXGroup;
			children = (
				78E36D692236E77100D3912C /* CMApplicationDelegate.swift */,
			);
			path = Application;
			sourceTree = "<group>";
		};
		78E36D7E2236E81D00D3912C /* Resources */ = {
			isa = PBXGroup;
			children = (
				78E36D802236E83600D3912C /* Configuration */,
				78E36D7F2236E82700D3912C /* Design */,
			);
			path = Resources;
			sourceTree = "<group>";
		};
		78E36D7F2236E82700D3912C /* Design */ = {
			isa = PBXGroup;
			children = (
				78E36D6D2236E77100D3912C /* Main.storyboard */,
				78E36D702236E77500D3912C /* Assets.xcassets */,
				78E36D722236E77500D3912C /* LaunchScreen.storyboard */,
			);
			path = Design;
			sourceTree = "<group>";
		};
		78E36D802236E83600D3912C /* Configuration */ = {
			isa = PBXGroup;
			children = (
				78E36D752236E77500D3912C /* Info.plist */,
			);
			path = Configuration;
			sourceTree = "<group>";
		};
		78F4CA7022378E2F00FAF0FE /* ViewModel */ = {
			isa = PBXGroup;
			children = (
				78F4CA852239367100FAF0FE /* CMSearchViewModel.swift */,
				78F4CA902239DB0700FAF0FE /* CMRepositoryViewModel.swift */,
			);
			path = ViewModel;
			sourceTree = "<group>";
		};
		78F4CA7322378F3700FAF0FE /* View */ = {
			isa = PBXGroup;
			children = (
				78F4CA972239E3F000FAF0FE /* CMBranchCell */,
				78F4CA922239DE9300FAF0FE /* CMContributorCell */,
				78F4CA80223931B400FAF0FE /* CMRepositoryCell */,
			);
			path = View;
			sourceTree = "<group>";
		};
		78F4CA80223931B400FAF0FE /* CMRepositoryCell */ = {
			isa = PBXGroup;
			children = (
				78F4CA81223931C900FAF0FE /* CMRepositoryCell.swift */,
				78F4CA82223931C900FAF0FE /* CMRepositoryCell.xib */,
			);
			path = CMRepositoryCell;
			sourceTree = "<group>";
		};
		78F4CA872239CEB400FAF0FE /* Constants */ = {
			isa = PBXGroup;
			children = (
				78F4CA8E2239D62700FAF0FE /* Constants.swift */,
			);
			path = Constants;
			sourceTree = "<group>";
		};
		78F4CA922239DE9300FAF0FE /* CMContributorCell */ = {
			isa = PBXGroup;
			children = (
				78F4CA932239DEB100FAF0FE /* CMContributorCell.swift */,
				78F4CA942239DEB100FAF0FE /* CMContributorCell.xib */,
			);
			path = CMContributorCell;
			sourceTree = "<group>";
		};
		78F4CA972239E3F000FAF0FE /* CMBranchCell */ = {
			isa = PBXGroup;
			children = (
				78F4CA982239E40700FAF0FE /* CMBranchCell.swift */,
				78F4CA992239E40700FAF0FE /* CMBranchCell.xib */,
			);
			path = CMBranchCell;
			sourceTree = "<group>";
		};
		AAEC0368D5CDAA4600CD5E8E /* Frameworks */ = {
			isa = PBXGroup;
			children = (
				4A97C348D6D6188683DBFEA5 /* Pods_ChallengeMoneway.framework */,
			);
			name = Frameworks;
			sourceTree = "<group>";
		};
		B76681AF0B4A9EB06325157B /* Pods */ = {
			isa = PBXGroup;
			children = (
				A92FA7D192FAFFAD8EF8CB11 /* Pods-ChallengeMoneway.debug.xcconfig */,
				DD1664228CF24011F6357E33 /* Pods-ChallengeMoneway.release.xcconfig */,
			);
			name = Pods;
			sourceTree = "<group>";
		};
/* End PBXGroup section */

/* Begin PBXNativeTarget section */
		78E36D652236E77100D3912C /* ChallengeMoneway */ = {
			isa = PBXNativeTarget;
			buildConfigurationList = 78E36D782236E77500D3912C /* Build configuration list for PBXNativeTarget "ChallengeMoneway" */;
			buildPhases = (
				46DB0B344AE944CA9D10E15C /* [CP] Check Pods Manifest.lock */,
				78E36D622236E77100D3912C /* Sources */,
				78E36D632236E77100D3912C /* Frameworks */,
				78E36D642236E77100D3912C /* Resources */,
				3EAAA3781E57461F5B26DB00 /* [CP] Embed Pods Frameworks */,
			);
			buildRules = (
			);
			dependencies = (
			);
			name = ChallengeMoneway;
			productName = ChallengeMoneway;
			productReference = 78E36D662236E77100D3912C /* ChallengeMoneway.app */;
			productType = "com.apple.product-type.application";
		};
/* End PBXNativeTarget section */

/* Begin PBXProject section */
		78E36D5E2236E77100D3912C /* Project object */ = {
			isa = PBXProject;
			attributes = {
				LastSwiftUpdateCheck = 1010;
				LastUpgradeCheck = 1010;
				ORGANIZATIONNAME = "Nidhal DOGGA";
				TargetAttributes = {
					78E36D652236E77100D3912C = {
						CreatedOnToolsVersion = 10.1;
					};
				};
			};
			buildConfigurationList = 78E36D612236E77100D3912C /* Build configuration list for PBXProject "ChallengeMoneway" */;
			compatibilityVersion = "Xcode 9.3";
			developmentRegion = en;
			hasScannedForEncodings = 0;
			knownRegions = (
				en,
				Base,
			);
			mainGroup = 78E36D5D2236E77100D3912C;
			productRefGroup = 78E36D672236E77100D3912C /* Products */;
			projectDirPath = "";
			projectRoot = "";
			targets = (
				78E36D652236E77100D3912C /* ChallengeMoneway */,
			);
		};
/* End PBXProject section */

/* Begin PBXResourcesBuildPhase section */
		78E36D642236E77100D3912C /* Resources */ = {
			isa = PBXResourcesBuildPhase;
			buildActionMask = 2147483647;
			files = (
				78E36D742236E77500D3912C /* LaunchScreen.storyboard in Resources */,
				78F4CA9B2239E40700FAF0FE /* CMBranchCell.xib in Resources */,
				78F4CA84223931C900FAF0FE /* CMRepositoryCell.xib in Resources */,
				78E36D712236E77500D3912C /* Assets.xcassets in Resources */,
				78F4CA962239DEB100FAF0FE /* CMContributorCell.xib in Resources */,
				78E36D6F2236E77100D3912C /* Main.storyboard in Resources */,
			);
			runOnlyForDeploymentPostprocessing = 0;
		};
/* End PBXResourcesBuildPhase section */

/* Begin PBXShellScriptBuildPhase section */
		3EAAA3781E57461F5B26DB00 /* [CP] Embed Pods Frameworks */ = {
			isa = PBXShellScriptBuildPhase;
			buildActionMask = 2147483647;
			files = (
			);
			inputPaths = (
				"${SRCROOT}/Pods/Target Support Files/Pods-ChallengeMoneway/Pods-ChallengeMoneway-frameworks.sh",
				"${BUILT_PRODUCTS_DIR}/Alamofire/Alamofire.framework",
				"${BUILT_PRODUCTS_DIR}/Differentiator/Differentiator.framework",
				"${BUILT_PRODUCTS_DIR}/FLAnimatedImage/FLAnimatedImage.framework",
				"${BUILT_PRODUCTS_DIR}/Moya/Moya.framework",
				"${BUILT_PRODUCTS_DIR}/PINCache/PINCache.framework",
				"${BUILT_PRODUCTS_DIR}/PINRemoteImage/PINRemoteImage.framework",
				"${BUILT_PRODUCTS_DIR}/Result/Result.framework",
				"${BUILT_PRODUCTS_DIR}/RxAtomic/RxAtomic.framework",
				"${BUILT_PRODUCTS_DIR}/RxCocoa/RxCocoa.framework",
				"${BUILT_PRODUCTS_DIR}/RxDataSources/RxDataSources.framework",
				"${BUILT_PRODUCTS_DIR}/RxSwift/RxSwift.framework",
			);
			name = "[CP] Embed Pods Frameworks";
			outputPaths = (
				"${TARGET_BUILD_DIR}/${FRAMEWORKS_FOLDER_PATH}/Alamofire.framework",
				"${TARGET_BUILD_DIR}/${FRAMEWORKS_FOLDER_PATH}/Differentiator.framework",
				"${TARGET_BUILD_DIR}/${FRAMEWORKS_FOLDER_PATH}/FLAnimatedImage.framework",
				"${TARGET_BUILD_DIR}/${FRAMEWORKS_FOLDER_PATH}/Moya.framework",
				"${TARGET_BUILD_DIR}/${FRAMEWORKS_FOLDER_PATH}/PINCache.framework",
				"${TARGET_BUILD_DIR}/${FRAMEWORKS_FOLDER_PATH}/PINRemoteImage.framework",
				"${TARGET_BUILD_DIR}/${FRAMEWORKS_FOLDER_PATH}/Result.framework",
				"${TARGET_BUILD_DIR}/${FRAMEWORKS_FOLDER_PATH}/RxAtomic.framework",
				"${TARGET_BUILD_DIR}/${FRAMEWORKS_FOLDER_PATH}/RxCocoa.framework",
				"${TARGET_BUILD_DIR}/${FRAMEWORKS_FOLDER_PATH}/RxDataSources.framework",
				"${TARGET_BUILD_DIR}/${FRAMEWORKS_FOLDER_PATH}/RxSwift.framework",
			);
			runOnlyForDeploymentPostprocessing = 0;
			shellPath = /bin/sh;
			shellScript = "\"${SRCROOT}/Pods/Target Support Files/Pods-ChallengeMoneway/Pods-ChallengeMoneway-frameworks.sh\"\n";
			showEnvVarsInLog = 0;
		};
		46DB0B344AE944CA9D10E15C /* [CP] Check Pods Manifest.lock */ = {
			isa = PBXShellScriptBuildPhase;
			buildActionMask = 2147483647;
			files = (
			);
			inputPaths = (
				"${PODS_PODFILE_DIR_PATH}/Podfile.lock",
				"${PODS_ROOT}/Manifest.lock",
			);
			name = "[CP] Check Pods Manifest.lock";
			outputPaths = (
				"$(DERIVED_FILE_DIR)/Pods-ChallengeMoneway-checkManifestLockResult.txt",
			);
			runOnlyForDeploymentPostprocessing = 0;
			shellPath = /bin/sh;
			shellScript = "diff \"${PODS_PODFILE_DIR_PATH}/Podfile.lock\" \"${PODS_ROOT}/Manifest.lock\" > /dev/null\nif [ $? != 0 ] ; then\n    # print error to STDERR\n    echo \"error: The sandbox is not in sync with the Podfile.lock. Run 'pod install' or update your CocoaPods installation.\" >&2\n    exit 1\nfi\n# This output is used by Xcode 'outputs' to avoid re-running this script phase.\necho \"SUCCESS\" > \"${SCRIPT_OUTPUT_FILE_0}\"\n";
			showEnvVarsInLog = 0;
		};
/* End PBXShellScriptBuildPhase section */

/* Begin PBXSourcesBuildPhase section */
		78E36D622236E77100D3912C /* Sources */ = {
			isa = PBXSourcesBuildPhase;
			buildActionMask = 2147483647;
			files = (
				78F4CA6B223719A900FAF0FE /* CMBranchProtection.swift in Sources */,
				78F4CA7B2237A94600FAF0FE /* CMGithubRepositorySearchResponse.swift in Sources */,
				782D3E562237067000D3D2DD /* CMGithubApi.swift in Sources */,
				78F4CA862239367100FAF0FE /* CMSearchViewModel.swift in Sources */,
				78F4CA7D2237CE2100FAF0FE /* CMCacheProvider.swift in Sources */,
				78F4CA6D223719C800FAF0FE /* CMCommit.swift in Sources */,
				78F4CA65223714DB00FAF0FE /* CMGithubRepository.swift in Sources */,
				78F4CA8F2239D62700FAF0FE /* Constants.swift in Sources */,
				78F4CA792237A86100FAF0FE /* CMGithubProvider.swift in Sources */,
				78F4CA8D2239D43E00FAF0FE /* CMRepositoryViewController.swift in Sources */,
				78F4CA83223931C900FAF0FE /* CMRepositoryCell.swift in Sources */,
				78F4CA67223716B100FAF0FE /* CMGithubUser.swift in Sources */,
				78F4CA9A2239E40700FAF0FE /* CMBranchCell.swift in Sources */,
				78E36D6C2236E77100D3912C /* CMSearchViewController.swift in Sources */,
				78F4CA6F223719EB00FAF0FE /* CMContributor.swift in Sources */,
				78F4CA69223717E800FAF0FE /* CMBranch.swift in Sources */,
				78F4CA952239DEB100FAF0FE /* CMContributorCell.swift in Sources */,
				78F4CA912239DB0700FAF0FE /* CMRepositoryViewModel.swift in Sources */,
				78E36D6A2236E77100D3912C /* CMApplicationDelegate.swift in Sources */,
			);
			runOnlyForDeploymentPostprocessing = 0;
		};
/* End PBXSourcesBuildPhase section */

/* Begin PBXVariantGroup section */
		78E36D6D2236E77100D3912C /* Main.storyboard */ = {
			isa = PBXVariantGroup;
			children = (
				78E36D6E2236E77100D3912C /* Base */,
			);
			name = Main.storyboard;
			sourceTree = "<group>";
		};
		78E36D722236E77500D3912C /* LaunchScreen.storyboard */ = {
			isa = PBXVariantGroup;
			children = (
				78E36D732236E77500D3912C /* Base */,
			);
			name = LaunchScreen.storyboard;
			sourceTree = "<group>";
		};
/* End PBXVariantGroup section */

/* Begin XCBuildConfiguration section */
		78E36D762236E77500D3912C /* Debug */ = {
			isa = XCBuildConfiguration;
			buildSettings = {
				ALWAYS_SEARCH_USER_PATHS = NO;
				CLANG_ANALYZER_NONNULL = YES;
				CLANG_ANALYZER_NUMBER_OBJECT_CONVERSION = YES_AGGRESSIVE;
				CLANG_CXX_LANGUAGE_STANDARD = "gnu++14";
				CLANG_CXX_LIBRARY = "libc++";
				CLANG_ENABLE_MODULES = YES;
				CLANG_ENABLE_OBJC_ARC = YES;
				CLANG_ENABLE_OBJC_WEAK = YES;
				CLANG_WARN_BLOCK_CAPTURE_AUTORELEASING = YES;
				CLANG_WARN_BOOL_CONVERSION = YES;
				CLANG_WARN_COMMA = YES;
				CLANG_WARN_CONSTANT_CONVERSION = YES;
				CLANG_WARN_DEPRECATED_OBJC_IMPLEMENTATIONS = YES;
				CLANG_WARN_DIRECT_OBJC_ISA_USAGE = YES_ERROR;
				CLANG_WARN_DOCUMENTATION_COMMENTS = YES;
				CLANG_WARN_EMPTY_BODY = YES;
				CLANG_WARN_ENUM_CONVERSION = YES;
				CLANG_WARN_INFINITE_RECURSION = YES;
				CLANG_WARN_INT_CONVERSION = YES;
				CLANG_WARN_NON_LITERAL_NULL_CONVERSION = YES;
				CLANG_WARN_OBJC_IMPLICIT_RETAIN_SELF = YES;
				CLANG_WARN_OBJC_LITERAL_CONVERSION = YES;
				CLANG_WARN_OBJC_ROOT_CLASS = YES_ERROR;
				CLANG_WARN_RANGE_LOOP_ANALYSIS = YES;
				CLANG_WARN_STRICT_PROTOTYPES = YES;
				CLANG_WARN_SUSPICIOUS_MOVE = YES;
				CLANG_WARN_UNGUARDED_AVAILABILITY = YES_AGGRESSIVE;
				CLANG_WARN_UNREACHABLE_CODE = YES;
				CLANG_WARN__DUPLICATE_METHOD_MATCH = YES;
				CODE_SIGN_IDENTITY = "iPhone Developer";
				COPY_PHASE_STRIP = NO;
				DEBUG_INFORMATION_FORMAT = dwarf;
				ENABLE_STRICT_OBJC_MSGSEND = YES;
				ENABLE_TESTABILITY = YES;
				GCC_C_LANGUAGE_STANDARD = gnu11;
				GCC_DYNAMIC_NO_PIC = NO;
				GCC_NO_COMMON_BLOCKS = YES;
				GCC_OPTIMIZATION_LEVEL = 0;
				GCC_PREPROCESSOR_DEFINITIONS = (
					"DEBUG=1",
					"$(inherited)",
				);
				GCC_WARN_64_TO_32_BIT_CONVERSION = YES;
				GCC_WARN_ABOUT_RETURN_TYPE = YES_ERROR;
				GCC_WARN_UNDECLARED_SELECTOR = YES;
				GCC_WARN_UNINITIALIZED_AUTOS = YES_AGGRESSIVE;
				GCC_WARN_UNUSED_FUNCTION = YES;
				GCC_WARN_UNUSED_VARIABLE = YES;
				IPHONEOS_DEPLOYMENT_TARGET = 12.1;
				MTL_ENABLE_DEBUG_INFO = INCLUDE_SOURCE;
				MTL_FAST_MATH = YES;
				ONLY_ACTIVE_ARCH = YES;
				SDKROOT = iphoneos;
				SWIFT_ACTIVE_COMPILATION_CONDITIONS = DEBUG;
				SWIFT_OPTIMIZATION_LEVEL = "-Onone";
			};
			name = Debug;
		};
		78E36D772236E77500D3912C /* Release */ = {
			isa = XCBuildConfiguration;
			buildSettings = {
				ALWAYS_SEARCH_USER_PATHS = NO;
				CLANG_ANALYZER_NONNULL = YES;
				CLANG_ANALYZER_NUMBER_OBJECT_CONVERSION = YES_AGGRESSIVE;
				CLANG_CXX_LANGUAGE_STANDARD = "gnu++14";
				CLANG_CXX_LIBRARY = "libc++";
				CLANG_ENABLE_MODULES = YES;
				CLANG_ENABLE_OBJC_ARC = YES;
				CLANG_ENABLE_OBJC_WEAK = YES;
				CLANG_WARN_BLOCK_CAPTURE_AUTORELEASING = YES;
				CLANG_WARN_BOOL_CONVERSION = YES;
				CLANG_WARN_COMMA = YES;
				CLANG_WARN_CONSTANT_CONVERSION = YES;
				CLANG_WARN_DEPRECATED_OBJC_IMPLEMENTATIONS = YES;
				CLANG_WARN_DIRECT_OBJC_ISA_USAGE = YES_ERROR;
				CLANG_WARN_DOCUMENTATION_COMMENTS = YES;
				CLANG_WARN_EMPTY_BODY = YES;
				CLANG_WARN_ENUM_CONVERSION = YES;
				CLANG_WARN_INFINITE_RECURSION = YES;
				CLANG_WARN_INT_CONVERSION = YES;
				CLANG_WARN_NON_LITERAL_NULL_CONVERSION = YES;
				CLANG_WARN_OBJC_IMPLICIT_RETAIN_SELF = YES;
				CLANG_WARN_OBJC_LITERAL_CONVERSION = YES;
				CLANG_WARN_OBJC_ROOT_CLASS = YES_ERROR;
				CLANG_WARN_RANGE_LOOP_ANALYSIS = YES;
				CLANG_WARN_STRICT_PROTOTYPES = YES;
				CLANG_WARN_SUSPICIOUS_MOVE = YES;
				CLANG_WARN_UNGUARDED_AVAILABILITY = YES_AGGRESSIVE;
				CLANG_WARN_UNREACHABLE_CODE = YES;
				CLANG_WARN__DUPLICATE_METHOD_MATCH = YES;
				CODE_SIGN_IDENTITY = "iPhone Developer";
				COPY_PHASE_STRIP = NO;
				DEBUG_INFORMATION_FORMAT = "dwarf-with-dsym";
				ENABLE_NS_ASSERTIONS = NO;
				ENABLE_STRICT_OBJC_MSGSEND = YES;
				GCC_C_LANGUAGE_STANDARD = gnu11;
				GCC_NO_COMMON_BLOCKS = YES;
				GCC_WARN_64_TO_32_BIT_CONVERSION = YES;
				GCC_WARN_ABOUT_RETURN_TYPE = YES_ERROR;
				GCC_WARN_UNDECLARED_SELECTOR = YES;
				GCC_WARN_UNINITIALIZED_AUTOS = YES_AGGRESSIVE;
				GCC_WARN_UNUSED_FUNCTION = YES;
				GCC_WARN_UNUSED_VARIABLE = YES;
				IPHONEOS_DEPLOYMENT_TARGET = 12.1;
				MTL_ENABLE_DEBUG_INFO = NO;
				MTL_FAST_MATH = YES;
				SDKROOT = iphoneos;
				SWIFT_COMPILATION_MODE = wholemodule;
				SWIFT_OPTIMIZATION_LEVEL = "-O";
				VALIDATE_PRODUCT = YES;
			};
			name = Release;
		};
		78E36D792236E77500D3912C /* Debug */ = {
			isa = XCBuildConfiguration;
			baseConfigurationReference = A92FA7D192FAFFAD8EF8CB11 /* Pods-ChallengeMoneway.debug.xcconfig */;
			buildSettings = {
				ASSETCATALOG_COMPILER_APPICON_NAME = AppIcon;
				CODE_SIGN_STYLE = Automatic;
				DEVELOPMENT_TEAM = 56F9Y33XR3;
				INFOPLIST_FILE = "$(SRCROOT)/ChallengeMoneway/Resources/Configuration/Info.plist";
				LD_RUNPATH_SEARCH_PATHS = (
					"$(inherited)",
					"@executable_path/Frameworks",
				);
				PRODUCT_BUNDLE_IDENTIFIER = io.github.dogganidhal.ChallengeMoneway;
				PRODUCT_NAME = "$(TARGET_NAME)";
				SWIFT_OBJC_BRIDGING_HEADER = "";
				SWIFT_VERSION = 4.2;
				TARGETED_DEVICE_FAMILY = "1,2";
			};
			name = Debug;
		};
		78E36D7A2236E77500D3912C /* Release */ = {
			isa = XCBuildConfiguration;
			baseConfigurationReference = DD1664228CF24011F6357E33 /* Pods-ChallengeMoneway.release.xcconfig */;
			buildSettings = {
				ASSETCATALOG_COMPILER_APPICON_NAME = AppIcon;
				CODE_SIGN_STYLE = Automatic;
				DEVELOPMENT_TEAM = 56F9Y33XR3;
				INFOPLIST_FILE = "$(SRCROOT)/ChallengeMoneway/Resources/Configuration/Info.plist";
				LD_RUNPATH_SEARCH_PATHS = (
					"$(inherited)",
					"@executable_path/Frameworks",
				);
				PRODUCT_BUNDLE_IDENTIFIER = io.github.dogganidhal.ChallengeMoneway;
				PRODUCT_NAME = "$(TARGET_NAME)";
				SWIFT_OBJC_BRIDGING_HEADER = "";
				SWIFT_VERSION = 4.2;
				TARGETED_DEVICE_FAMILY = "1,2";
			};
			name = Release;
		};
/* End XCBuildConfiguration section */

/* Begin XCConfigurationList section */
		78E36D612236E77100D3912C /* Build configuration list for PBXProject "ChallengeMoneway" */ = {
			isa = XCConfigurationList;
			buildConfigurations = (
				78E36D762236E77500D3912C /* Debug */,
				78E36D772236E77500D3912C /* Release */,
			);
			defaultConfigurationIsVisible = 0;
			defaultConfigurationName = Release;
		};
		78E36D782236E77500D3912C /* Build configuration list for PBXNativeTarget "ChallengeMoneway" */ = {
			isa = XCConfigurationList;
			buildConfigurations = (
				78E36D792236E77500D3912C /* Debug */,
				78E36D7A2236E77500D3912C /* Release */,
			);
			defaultConfigurationIsVisible = 0;
			defaultConfigurationName = Release;
		};
/* End XCConfigurationList section */
	};
	rootObject = 78E36D5E2236E77100D3912C /* Project object */;
}
